
Microsoft Visual Studio Solution File, Format Version 12.00
# Visual Studio Version 16
VisualStudioVersion = 16.0.30523.141
MinimumVisualStudioVersion = 10.0.40219.1
Project("{FAE04EC0-301F-11D3-BF4B-00C04F79EFBC}") = "programa 17", "programa 17.csproj", "{212B7FF3-C981-43C9-82C4-E786221DEBFC}"
EndProject
Global
	GlobalSection(SolutionConfigurationPlatforms) = preSolution
		Debug|Any CPU = Debug|Any CPU
		Release|Any CPU = Release|Any CPU
	EndGlobalSection
	GlobalSection(ProjectConfigurationPlatforms) = postSolution
		{212B7FF3-C981-43C9-82C4-E786221DEBFC}.Debug|Any CPU.ActiveCfg = Debug|Any CPU
		{212B7FF3-C981-43C9-82C4-E786221DEBFC}.Debug|Any CPU.Build.0 = Debug|Any CPU
		{212B7FF3-C981-43C9-82C4-E786221DEBFC}.Release|Any CPU.ActiveCfg = Release|Any CPU
		{212B7FF3-C981-43C9-82C4-E786221DEBFC}.Release|Any CPU.Build.0 = Release|Any CPU
	EndGlobalSection
	GlobalSection(SolutionProperties) = preSolution
		HideSolutionNode = FALSE
	EndGlobalSection
	GlobalSection(ExtensibilityGlobals) = postSolution
		SolutionGuid = {E1E5E28F-2F7F-45E7-947F-0675C4FAFD9A}
	EndGlobalSection
EndGlobal
